// !$*UTF8*$!
{
	archiveVersion = 1;
	classes = {
	};
	objectVersion = 55;
	objects = {

/* Begin PBXBuildFile section */
		E825EE3227EB1F84008D098D /* Composite.swift in Sources */ = {isa = PBXBuildFile; fileRef = E825EE3127EB1F84008D098D /* Composite.swift */; };
		E825EE3427EB41B3008D098D /* State.swift in Sources */ = {isa = PBXBuildFile; fileRef = E825EE3327EB41B3008D098D /* State.swift */; };
		E825EE3627EB47A5008D098D /* Proxy.swift in Sources */ = {isa = PBXBuildFile; fileRef = E825EE3527EB47A5008D098D /* Proxy.swift */; };
		E825EE3827EB4B75008D098D /* Builder.swift in Sources */ = {isa = PBXBuildFile; fileRef = E825EE3727EB4B75008D098D /* Builder.swift */; };
		E827D5C827FB1BA6001D1E4B /* MyStrategy.swift in Sources */ = {isa = PBXBuildFile; fileRef = E827D5C727FB1BA6001D1E4B /* MyStrategy.swift */; };
		E827D5CA27FB2469001D1E4B /* MyObserver.swift in Sources */ = {isa = PBXBuildFile; fileRef = E827D5C927FB2469001D1E4B /* MyObserver.swift */; };
		E827D5CC27FB29C8001D1E4B /* MyDecorator.swift in Sources */ = {isa = PBXBuildFile; fileRef = E827D5CB27FB29C8001D1E4B /* MyDecorator.swift */; };
		E827D5CE27FB5042001D1E4B /* MySimpleFactory.swift in Sources */ = {isa = PBXBuildFile; fileRef = E827D5CD27FB5042001D1E4B /* MySimpleFactory.swift */; };
		E85477E127FC332600730A88 /* MyFactoryMethod.swift in Sources */ = {isa = PBXBuildFile; fileRef = E85477E027FC332600730A88 /* MyFactoryMethod.swift */; };
		E85477E327FC357000730A88 /* MyAbstractFactory.swift in Sources */ = {isa = PBXBuildFile; fileRef = E85477E227FC357000730A88 /* MyAbstractFactory.swift */; };
		E85477E527FC3B2100730A88 /* MyAdapter.swift in Sources */ = {isa = PBXBuildFile; fileRef = E85477E427FC3B2100730A88 /* MyAdapter.swift */; };
		E85477E727FC3E1E00730A88 /* MyComposite.swift in Sources */ = {isa = PBXBuildFile; fileRef = E85477E627FC3E1E00730A88 /* MyComposite.swift */; };
		E85477E927FC4FDB00730A88 /* MyProxy.swift in Sources */ = {isa = PBXBuildFile; fileRef = E85477E827FC4FDB00730A88 /* MyProxy.swift */; };
		E85477ED27FC585D00730A88 /* MyIterator.swift in Sources */ = {isa = PBXBuildFile; fileRef = E85477EC27FC585D00730A88 /* MyIterator.swift */; };
		E85477EF27FC672200730A88 /* MyCommand.swift in Sources */ = {isa = PBXBuildFile; fileRef = E85477EE27FC672200730A88 /* MyCommand.swift */; };
		E85477F127FC789A00730A88 /* MyState.swift in Sources */ = {isa = PBXBuildFile; fileRef = E85477F027FC789A00730A88 /* MyState.swift */; };
		E863F7EC27F367130086764A /* LineModel.swift in Sources */ = {isa = PBXBuildFile; fileRef = E863F7EB27F367130086764A /* LineModel.swift */; };
		E863F7EE27F3679E0086764A /* StateLinesMemento.swift in Sources */ = {isa = PBXBuildFile; fileRef = E863F7ED27F3679E0086764A /* StateLinesMemento.swift */; };
		E863F7F027F368920086764A /* LinesManager.swift in Sources */ = {isa = PBXBuildFile; fileRef = E863F7EF27F368920086764A /* LinesManager.swift */; };
		E863F7F227F36C280086764A /* CarrierState.swift in Sources */ = {isa = PBXBuildFile; fileRef = E863F7F127F36C280086764A /* CarrierState.swift */; };
		E863F7F427F36F0C0086764A /* DrawView.swift in Sources */ = {isa = PBXBuildFile; fileRef = E863F7F327F36F0C0086764A /* DrawView.swift */; };
		E872ED0D27EC6ED700559A37 /* ChainOfResponsibility.swift in Sources */ = {isa = PBXBuildFile; fileRef = E872ED0C27EC6ED700559A37 /* ChainOfResponsibility.swift */; };
		E8F2585327E72732009D0123 /* AppDelegate.swift in Sources */ = {isa = PBXBuildFile; fileRef = E8F2585227E72732009D0123 /* AppDelegate.swift */; };
		E8F2585527E72732009D0123 /* SceneDelegate.swift in Sources */ = {isa = PBXBuildFile; fileRef = E8F2585427E72732009D0123 /* SceneDelegate.swift */; };
		E8F2585727E72732009D0123 /* ViewController.swift in Sources */ = {isa = PBXBuildFile; fileRef = E8F2585627E72732009D0123 /* ViewController.swift */; };
		E8F2585A27E72732009D0123 /* Main.storyboard in Resources */ = {isa = PBXBuildFile; fileRef = E8F2585827E72732009D0123 /* Main.storyboard */; };
		E8F2585C27E72733009D0123 /* Assets.xcassets in Resources */ = {isa = PBXBuildFile; fileRef = E8F2585B27E72733009D0123 /* Assets.xcassets */; };
		E8F2585F27E72733009D0123 /* LaunchScreen.storyboard in Resources */ = {isa = PBXBuildFile; fileRef = E8F2585D27E72733009D0123 /* LaunchScreen.storyboard */; };
		E8F2586827E7291C009D0123 /* Strategy.swift in Sources */ = {isa = PBXBuildFile; fileRef = E8F2586727E7291C009D0123 /* Strategy.swift */; };
		E8F2586A27E761AB009D0123 /* Observer.swift in Sources */ = {isa = PBXBuildFile; fileRef = E8F2586927E761AB009D0123 /* Observer.swift */; };
		E8F2586C27E77D46009D0123 /* Decorator.swift in Sources */ = {isa = PBXBuildFile; fileRef = E8F2586B27E77D46009D0123 /* Decorator.swift */; };
		E8F2586E27E86A86009D0123 /* SImpleFactory.swift in Sources */ = {isa = PBXBuildFile; fileRef = E8F2586D27E86A86009D0123 /* SImpleFactory.swift */; };
		E8F2587027E8BE50009D0123 /* Factory Method.swift in Sources */ = {isa = PBXBuildFile; fileRef = E8F2586F27E8BE50009D0123 /* Factory Method.swift */; };
		E8F2587227E8C27D009D0123 /* AbstractFactory.swift in Sources */ = {isa = PBXBuildFile; fileRef = E8F2587127E8C27D009D0123 /* AbstractFactory.swift */; };
		E8F2587427E8C5EB009D0123 /* Singleton.swift in Sources */ = {isa = PBXBuildFile; fileRef = E8F2587327E8C5EB009D0123 /* Singleton.swift */; };
		E8F2587627E8C7D2009D0123 /* Command.swift in Sources */ = {isa = PBXBuildFile; fileRef = E8F2587527E8C7D2009D0123 /* Command.swift */; };
		E8F2587827E8D204009D0123 /* Adapter.swift in Sources */ = {isa = PBXBuildFile; fileRef = E8F2587727E8D204009D0123 /* Adapter.swift */; };
		E8F2587A27E8E1B8009D0123 /* Facade.swift in Sources */ = {isa = PBXBuildFile; fileRef = E8F2587927E8E1B8009D0123 /* Facade.swift */; };
		E8F2587C27E8E405009D0123 /* TemplateMethod.swift in Sources */ = {isa = PBXBuildFile; fileRef = E8F2587B27E8E405009D0123 /* TemplateMethod.swift */; };
		E8F2587E27E8EEF6009D0123 /* Iterator.swift in Sources */ = {isa = PBXBuildFile; fileRef = E8F2587D27E8EEF6009D0123 /* Iterator.swift */; };
/* End PBXBuildFile section */

/* Begin PBXFileReference section */
		E825EE3127EB1F84008D098D /* Composite.swift */ = {isa = PBXFileReference; lastKnownFileType = sourcecode.swift; path = Composite.swift; sourceTree = "<group>"; };
		E825EE3327EB41B3008D098D /* State.swift */ = {isa = PBXFileReference; lastKnownFileType = sourcecode.swift; path = State.swift; sourceTree = "<group>"; };
		E825EE3527EB47A5008D098D /* Proxy.swift */ = {isa = PBXFileReference; lastKnownFileType = sourcecode.swift; path = Proxy.swift; sourceTree = "<group>"; };
		E825EE3727EB4B75008D098D /* Builder.swift */ = {isa = PBXFileReference; lastKnownFileType = sourcecode.swift; path = Builder.swift; sourceTree = "<group>"; };
		E827D5C727FB1BA6001D1E4B /* MyStrategy.swift */ = {isa = PBXFileReference; lastKnownFileType = sourcecode.swift; path = MyStrategy.swift; sourceTree = "<group>"; };
		E827D5C927FB2469001D1E4B /* MyObserver.swift */ = {isa = PBXFileReference; lastKnownFileType = sourcecode.swift; path = MyObserver.swift; sourceTree = "<group>"; };
		E827D5CB27FB29C8001D1E4B /* MyDecorator.swift */ = {isa = PBXFileReference; lastKnownFileType = sourcecode.swift; path = MyDecorator.swift; sourceTree = "<group>"; };
		E827D5CD27FB5042001D1E4B /* MySimpleFactory.swift */ = {isa = PBXFileReference; lastKnownFileType = sourcecode.swift; path = MySimpleFactory.swift; sourceTree = "<group>"; };
		E85477E027FC332600730A88 /* MyFactoryMethod.swift */ = {isa = PBXFileReference; lastKnownFileType = sourcecode.swift; path = MyFactoryMethod.swift; sourceTree = "<group>"; };
		E85477E227FC357000730A88 /* MyAbstractFactory.swift */ = {isa = PBXFileReference; lastKnownFileType = sourcecode.swift; path = MyAbstractFactory.swift; sourceTree = "<group>"; };
		E85477E427FC3B2100730A88 /* MyAdapter.swift */ = {isa = PBXFileReference; lastKnownFileType = sourcecode.swift; path = MyAdapter.swift; sourceTree = "<group>"; };
		E85477E627FC3E1E00730A88 /* MyComposite.swift */ = {isa = PBXFileReference; lastKnownFileType = sourcecode.swift; path = MyComposite.swift; sourceTree = "<group>"; };
		E85477E827FC4FDB00730A88 /* MyProxy.swift */ = {isa = PBXFileReference; lastKnownFileType = sourcecode.swift; path = MyProxy.swift; sourceTree = "<group>"; };
		E85477EC27FC585D00730A88 /* MyIterator.swift */ = {isa = PBXFileReference; lastKnownFileType = sourcecode.swift; path = MyIterator.swift; sourceTree = "<group>"; };
		E85477EE27FC672200730A88 /* MyCommand.swift */ = {isa = PBXFileReference; lastKnownFileType = sourcecode.swift; path = MyCommand.swift; sourceTree = "<group>"; };
		E85477F027FC789A00730A88 /* MyState.swift */ = {isa = PBXFileReference; lastKnownFileType = sourcecode.swift; path = MyState.swift; sourceTree = "<group>"; };
		E863F7EB27F367130086764A /* LineModel.swift */ = {isa = PBXFileReference; lastKnownFileType = sourcecode.swift; path = LineModel.swift; sourceTree = "<group>"; };
		E863F7ED27F3679E0086764A /* StateLinesMemento.swift */ = {isa = PBXFileReference; lastKnownFileType = sourcecode.swift; path = StateLinesMemento.swift; sourceTree = "<group>"; };
		E863F7EF27F368920086764A /* LinesManager.swift */ = {isa = PBXFileReference; lastKnownFileType = sourcecode.swift; path = LinesManager.swift; sourceTree = "<group>"; };
		E863F7F127F36C280086764A /* CarrierState.swift */ = {isa = PBXFileReference; lastKnownFileType = sourcecode.swift; path = CarrierState.swift; sourceTree = "<group>"; };
		E863F7F327F36F0C0086764A /* DrawView.swift */ = {isa = PBXFileReference; lastKnownFileType = sourcecode.swift; path = DrawView.swift; sourceTree = "<group>"; };
		E872ED0C27EC6ED700559A37 /* ChainOfResponsibility.swift */ = {isa = PBXFileReference; lastKnownFileType = sourcecode.swift; path = ChainOfResponsibility.swift; sourceTree = "<group>"; };
		E8F2584F27E72732009D0123 /* Patterns_Swiftbook.app */ = {isa = PBXFileReference; explicitFileType = wrapper.application; includeInIndex = 0; path = Patterns_Swiftbook.app; sourceTree = BUILT_PRODUCTS_DIR; };
		E8F2585227E72732009D0123 /* AppDelegate.swift */ = {isa = PBXFileReference; lastKnownFileType = sourcecode.swift; path = AppDelegate.swift; sourceTree = "<group>"; };
		E8F2585427E72732009D0123 /* SceneDelegate.swift */ = {isa = PBXFileReference; lastKnownFileType = sourcecode.swift; path = SceneDelegate.swift; sourceTree = "<group>"; };
		E8F2585627E72732009D0123 /* ViewController.swift */ = {isa = PBXFileReference; lastKnownFileType = sourcecode.swift; path = ViewController.swift; sourceTree = "<group>"; };
		E8F2585927E72732009D0123 /* Base */ = {isa = PBXFileReference; lastKnownFileType = file.storyboard; name = Base; path = Base.lproj/Main.storyboard; sourceTree = "<group>"; };
		E8F2585B27E72733009D0123 /* Assets.xcassets */ = {isa = PBXFileReference; lastKnownFileType = folder.assetcatalog; path = Assets.xcassets; sourceTree = "<group>"; };
		E8F2585E27E72733009D0123 /* Base */ = {isa = PBXFileReference; lastKnownFileType = file.storyboard; name = Base; path = Base.lproj/LaunchScreen.storyboard; sourceTree = "<group>"; };
		E8F2586027E72733009D0123 /* Info.plist */ = {isa = PBXFileReference; lastKnownFileType = text.plist.xml; path = Info.plist; sourceTree = "<group>"; };
		E8F2586727E7291C009D0123 /* Strategy.swift */ = {isa = PBXFileReference; lastKnownFileType = sourcecode.swift; path = Strategy.swift; sourceTree = "<group>"; };
		E8F2586927E761AB009D0123 /* Observer.swift */ = {isa = PBXFileReference; lastKnownFileType = sourcecode.swift; path = Observer.swift; sourceTree = "<group>"; };
		E8F2586B27E77D46009D0123 /* Decorator.swift */ = {isa = PBXFileReference; lastKnownFileType = sourcecode.swift; path = Decorator.swift; sourceTree = "<group>"; };
		E8F2586D27E86A86009D0123 /* SImpleFactory.swift */ = {isa = PBXFileReference; lastKnownFileType = sourcecode.swift; path = SImpleFactory.swift; sourceTree = "<group>"; };
		E8F2586F27E8BE50009D0123 /* Factory Method.swift */ = {isa = PBXFileReference; lastKnownFileType = sourcecode.swift; path = "Factory Method.swift"; sourceTree = "<group>"; };
		E8F2587127E8C27D009D0123 /* AbstractFactory.swift */ = {isa = PBXFileReference; lastKnownFileType = sourcecode.swift; path = AbstractFactory.swift; sourceTree = "<group>"; };
		E8F2587327E8C5EB009D0123 /* Singleton.swift */ = {isa = PBXFileReference; lastKnownFileType = sourcecode.swift; path = Singleton.swift; sourceTree = "<group>"; };
		E8F2587527E8C7D2009D0123 /* Command.swift */ = {isa = PBXFileReference; lastKnownFileType = sourcecode.swift; path = Command.swift; sourceTree = "<group>"; };
		E8F2587727E8D204009D0123 /* Adapter.swift */ = {isa = PBXFileReference; lastKnownFileType = sourcecode.swift; path = Adapter.swift; sourceTree = "<group>"; };
		E8F2587927E8E1B8009D0123 /* Facade.swift */ = {isa = PBXFileReference; lastKnownFileType = sourcecode.swift; path = Facade.swift; sourceTree = "<group>"; };
		E8F2587B27E8E405009D0123 /* TemplateMethod.swift */ = {isa = PBXFileReference; lastKnownFileType = sourcecode.swift; path = TemplateMethod.swift; sourceTree = "<group>"; };
		E8F2587D27E8EEF6009D0123 /* Iterator.swift */ = {isa = PBXFileReference; lastKnownFileType = sourcecode.swift; path = Iterator.swift; sourceTree = "<group>"; };
/* End PBXFileReference section */

/* Begin PBXFrameworksBuildPhase section */
		E8F2584C27E72732009D0123 /* Frameworks */ = {
			isa = PBXFrameworksBuildPhase;
			buildActionMask = 2147483647;
			files = (
			);
			runOnlyForDeploymentPostprocessing = 0;
		};
/* End PBXFrameworksBuildPhase section */

/* Begin PBXGroup section */
		E827D5C627FB1B4D001D1E4B /* MyPatterns */ = {
			isa = PBXGroup;
			children = (
				E85477DD27FC2E3200730A88 /* Behavioral */,
				E85477DC27FC2E2200730A88 /* Structural */,
				E85477DB27FC2E0C00730A88 /* Creational */,
			);
			path = MyPatterns;
			sourceTree = "<group>";
		};
		E85477D827FC2C6200730A88 /* Порождающие */ = {
			isa = PBXGroup;
			children = (
				E825EE3727EB4B75008D098D /* Builder.swift */,
				E8F2587327E8C5EB009D0123 /* Singleton.swift */,
				E8F2587127E8C27D009D0123 /* AbstractFactory.swift */,
				E8F2586F27E8BE50009D0123 /* Factory Method.swift */,
				E8F2586D27E86A86009D0123 /* SImpleFactory.swift */,
			);
			path = "Порождающие";
			sourceTree = "<group>";
		};
		E85477D927FC2C7800730A88 /* Структурные */ = {
			isa = PBXGroup;
			children = (
				E825EE3527EB47A5008D098D /* Proxy.swift */,
				E8F2586B27E77D46009D0123 /* Decorator.swift */,
				E825EE3127EB1F84008D098D /* Composite.swift */,
				E8F2587927E8E1B8009D0123 /* Facade.swift */,
				E8F2587727E8D204009D0123 /* Adapter.swift */,
			);
			path = "Структурные";
			sourceTree = "<group>";
		};
		E85477DA27FC2C7F00730A88 /* Поведенческие */ = {
			isa = PBXGroup;
			children = (
				E872ED0C27EC6ED700559A37 /* ChainOfResponsibility.swift */,
				E825EE3327EB41B3008D098D /* State.swift */,
				E8F2586727E7291C009D0123 /* Strategy.swift */,
				E8F2587527E8C7D2009D0123 /* Command.swift */,
				E8F2587D27E8EEF6009D0123 /* Iterator.swift */,
				E8F2586927E761AB009D0123 /* Observer.swift */,
				E8F2587B27E8E405009D0123 /* TemplateMethod.swift */,
			);
			path = "Поведенческие";
			sourceTree = "<group>";
		};
		E85477DB27FC2E0C00730A88 /* Creational */ = {
			isa = PBXGroup;
			children = (
				E85477E227FC357000730A88 /* MyAbstractFactory.swift */,
				E85477E027FC332600730A88 /* MyFactoryMethod.swift */,
				E827D5CD27FB5042001D1E4B /* MySimpleFactory.swift */,
			);
			path = Creational;
			sourceTree = "<group>";
		};
		E85477DC27FC2E2200730A88 /* Structural */ = {
			isa = PBXGroup;
			children = (
				E85477E827FC4FDB00730A88 /* MyProxy.swift */,
				E85477E627FC3E1E00730A88 /* MyComposite.swift */,
				E85477E427FC3B2100730A88 /* MyAdapter.swift */,
				E827D5CB27FB29C8001D1E4B /* MyDecorator.swift */,
			);
			path = Structural;
			sourceTree = "<group>";
		};
		E85477DD27FC2E3200730A88 /* Behavioral */ = {
			isa = PBXGroup;
			children = (
				E85477F027FC789A00730A88 /* MyState.swift */,
				E85477EE27FC672200730A88 /* MyCommand.swift */,
				E85477EC27FC585D00730A88 /* MyIterator.swift */,
				E827D5C927FB2469001D1E4B /* MyObserver.swift */,
				E827D5C727FB1BA6001D1E4B /* MyStrategy.swift */,
			);
			path = Behavioral;
			sourceTree = "<group>";
		};
		E863F7EA27F366EF0086764A /* Memento */ = {
			isa = PBXGroup;
			children = (
				E863F7EB27F367130086764A /* LineModel.swift */,
				E863F7ED27F3679E0086764A /* StateLinesMemento.swift */,
				E863F7EF27F368920086764A /* LinesManager.swift */,
				E863F7F127F36C280086764A /* CarrierState.swift */,
				E863F7F327F36F0C0086764A /* DrawView.swift */,
			);
			path = Memento;
			sourceTree = "<group>";
		};
		E8F2584627E72732009D0123 = {
			isa = PBXGroup;
			children = (
				E8F2585127E72732009D0123 /* Patterns_Swiftbook */,
				E8F2585027E72732009D0123 /* Products */,
			);
			sourceTree = "<group>";
		};
		E8F2585027E72732009D0123 /* Products */ = {
			isa = PBXGroup;
			children = (
				E8F2584F27E72732009D0123 /* Patterns_Swiftbook.app */,
			);
			name = Products;
			sourceTree = "<group>";
		};
		E8F2585127E72732009D0123 /* Patterns_Swiftbook */ = {
			isa = PBXGroup;
			children = (
				E8F2585227E72732009D0123 /* AppDelegate.swift */,
				E8F2585427E72732009D0123 /* SceneDelegate.swift */,
				E8F2585627E72732009D0123 /* ViewController.swift */,
				E827D5C627FB1B4D001D1E4B /* MyPatterns */,
				E8F2586627E72805009D0123 /* Patterns */,
				E8F2585827E72732009D0123 /* Main.storyboard */,
				E8F2585B27E72733009D0123 /* Assets.xcassets */,
				E8F2585D27E72733009D0123 /* LaunchScreen.storyboard */,
				E8F2586027E72733009D0123 /* Info.plist */,
			);
			path = Patterns_Swiftbook;
			sourceTree = "<group>";
		};
		E8F2586627E72805009D0123 /* Patterns */ = {
			isa = PBXGroup;
			children = (
				E85477DA27FC2C7F00730A88 /* Поведенческие */,
				E85477D927FC2C7800730A88 /* Структурные */,
				E85477D827FC2C6200730A88 /* Порождающие */,
				E863F7EA27F366EF0086764A /* Memento */,
			);
			path = Patterns;
			sourceTree = "<group>";
		};
/* End PBXGroup section */

/* Begin PBXNativeTarget section */
		E8F2584E27E72732009D0123 /* Patterns_Swiftbook */ = {
			isa = PBXNativeTarget;
			buildConfigurationList = E8F2586327E72733009D0123 /* Build configuration list for PBXNativeTarget "Patterns_Swiftbook" */;
			buildPhases = (
				E8F2584B27E72732009D0123 /* Sources */,
				E8F2584C27E72732009D0123 /* Frameworks */,
				E8F2584D27E72732009D0123 /* Resources */,
			);
			buildRules = (
			);
			dependencies = (
			);
			name = Patterns_Swiftbook;
			productName = Patterns_Swiftbook;
			productReference = E8F2584F27E72732009D0123 /* Patterns_Swiftbook.app */;
			productType = "com.apple.product-type.application";
		};
/* End PBXNativeTarget section */

/* Begin PBXProject section */
		E8F2584727E72732009D0123 /* Project object */ = {
			isa = PBXProject;
			attributes = {
				BuildIndependentTargetsInParallel = 1;
				LastSwiftUpdateCheck = 1320;
				LastUpgradeCheck = 1320;
				TargetAttributes = {
					E8F2584E27E72732009D0123 = {
						CreatedOnToolsVersion = 13.2.1;
					};
				};
			};
			buildConfigurationList = E8F2584A27E72732009D0123 /* Build configuration list for PBXProject "Patterns_Swiftbook" */;
			compatibilityVersion = "Xcode 13.0";
			developmentRegion = en;
			hasScannedForEncodings = 0;
			knownRegions = (
				en,
				Base,
			);
			mainGroup = E8F2584627E72732009D0123;
			productRefGroup = E8F2585027E72732009D0123 /* Products */;
			projectDirPath = "";
			projectRoot = "";
			targets = (
				E8F2584E27E72732009D0123 /* Patterns_Swiftbook */,
			);
		};
/* End PBXProject section */

/* Begin PBXResourcesBuildPhase section */
		E8F2584D27E72732009D0123 /* Resources */ = {
			isa = PBXResourcesBuildPhase;
			buildActionMask = 2147483647;
			files = (
				E8F2585F27E72733009D0123 /* LaunchScreen.storyboard in Resources */,
				E8F2585C27E72733009D0123 /* Assets.xcassets in Resources */,
				E8F2585A27E72732009D0123 /* Main.storyboard in Resources */,
			);
			runOnlyForDeploymentPostprocessing = 0;
		};
/* End PBXResourcesBuildPhase section */

/* Begin PBXSourcesBuildPhase section */
		E8F2584B27E72732009D0123 /* Sources */ = {
			isa = PBXSourcesBuildPhase;
			buildActionMask = 2147483647;
			files = (
				E8F2587227E8C27D009D0123 /* AbstractFactory.swift in Sources */,
				E863F7F427F36F0C0086764A /* DrawView.swift in Sources */,
				E8F2587827E8D204009D0123 /* Adapter.swift in Sources */,
				E827D5CE27FB5042001D1E4B /* MySimpleFactory.swift in Sources */,
				E85477ED27FC585D00730A88 /* MyIterator.swift in Sources */,
				E85477E927FC4FDB00730A88 /* MyProxy.swift in Sources */,
				E872ED0D27EC6ED700559A37 /* ChainOfResponsibility.swift in Sources */,
				E825EE3827EB4B75008D098D /* Builder.swift in Sources */,
				E8F2587027E8BE50009D0123 /* Factory Method.swift in Sources */,
				E8F2587E27E8EEF6009D0123 /* Iterator.swift in Sources */,
				E8F2586827E7291C009D0123 /* Strategy.swift in Sources */,
				E8F2587427E8C5EB009D0123 /* Singleton.swift in Sources */,
				E8F2586A27E761AB009D0123 /* Observer.swift in Sources */,
				E8F2587C27E8E405009D0123 /* TemplateMethod.swift in Sources */,
				E8F2586E27E86A86009D0123 /* SImpleFactory.swift in Sources */,
				E863F7EE27F3679E0086764A /* StateLinesMemento.swift in Sources */,
				E8F2585727E72732009D0123 /* ViewController.swift in Sources */,
				E863F7F227F36C280086764A /* CarrierState.swift in Sources */,
				E85477EF27FC672200730A88 /* MyCommand.swift in Sources */,
				E825EE3627EB47A5008D098D /* Proxy.swift in Sources */,
				E85477E527FC3B2100730A88 /* MyAdapter.swift in Sources */,
				E85477E327FC357000730A88 /* MyAbstractFactory.swift in Sources */,
				E827D5CA27FB2469001D1E4B /* MyObserver.swift in Sources */,
				E827D5CC27FB29C8001D1E4B /* MyDecorator.swift in Sources */,
				E8F2585327E72732009D0123 /* AppDelegate.swift in Sources */,
				E863F7EC27F367130086764A /* LineModel.swift in Sources */,
				E8F2585527E72732009D0123 /* SceneDelegate.swift in Sources */,
				E8F2587627E8C7D2009D0123 /* Command.swift in Sources */,
				E85477E727FC3E1E00730A88 /* MyComposite.swift in Sources */,
				E825EE3427EB41B3008D098D /* State.swift in Sources */,
				E825EE3227EB1F84008D098D /* Composite.swift in Sources */,
				E827D5C827FB1BA6001D1E4B /* MyStrategy.swift in Sources */,
				E8F2587A27E8E1B8009D0123 /* Facade.swift in Sources */,
				E85477E127FC332600730A88 /* MyFactoryMethod.swift in Sources */,
				E863F7F027F368920086764A /* LinesManager.swift in Sources */,
				E8F2586C27E77D46009D0123 /* Decorator.swift in Sources */,
				E85477F127FC789A00730A88 /* MyState.swift in Sources */,
			);
			runOnlyForDeploymentPostprocessing = 0;
		};
/* End PBXSourcesBuildPhase section */

/* Begin PBXVariantGroup section */
		E8F2585827E72732009D0123 /* Main.storyboard */ = {
			isa = PBXVariantGroup;
			children = (
				E8F2585927E72732009D0123 /* Base */,
			);
			name = Main.storyboard;
			sourceTree = "<group>";
		};
		E8F2585D27E72733009D0123 /* LaunchScreen.storyboard */ = {
			isa = PBXVariantGroup;
			children = (
				E8F2585E27E72733009D0123 /* Base */,
			);
			name = LaunchScreen.storyboard;
			sourceTree = "<group>";
		};
/* End PBXVariantGroup section */

/* Begin XCBuildConfiguration section */
		E8F2586127E72733009D0123 /* Debug */ = {
			isa = XCBuildConfiguration;
			buildSettings = {
				ALWAYS_SEARCH_USER_PATHS = NO;
				CLANG_ANALYZER_NONNULL = YES;
				CLANG_ANALYZER_NUMBER_OBJECT_CONVERSION = YES_AGGRESSIVE;
				CLANG_CXX_LANGUAGE_STANDARD = "gnu++17";
				CLANG_CXX_LIBRARY = "libc++";
				CLANG_ENABLE_MODULES = YES;
				CLANG_ENABLE_OBJC_ARC = YES;
				CLANG_ENABLE_OBJC_WEAK = YES;
				CLANG_WARN_BLOCK_CAPTURE_AUTORELEASING = YES;
				CLANG_WARN_BOOL_CONVERSION = YES;
				CLANG_WARN_COMMA = YES;
				CLANG_WARN_CONSTANT_CONVERSION = YES;
				CLANG_WARN_DEPRECATED_OBJC_IMPLEMENTATIONS = YES;
				CLANG_WARN_DIRECT_OBJC_ISA_USAGE = YES_ERROR;
				CLANG_WARN_DOCUMENTATION_COMMENTS = YES;
				CLANG_WARN_EMPTY_BODY = YES;
				CLANG_WARN_ENUM_CONVERSION = YES;
				CLANG_WARN_INFINITE_RECURSION = YES;
				CLANG_WARN_INT_CONVERSION = YES;
				CLANG_WARN_NON_LITERAL_NULL_CONVERSION = YES;
				CLANG_WARN_OBJC_IMPLICIT_RETAIN_SELF = YES;
				CLANG_WARN_OBJC_LITERAL_CONVERSION = YES;
				CLANG_WARN_OBJC_ROOT_CLASS = YES_ERROR;
				CLANG_WARN_QUOTED_INCLUDE_IN_FRAMEWORK_HEADER = YES;
				CLANG_WARN_RANGE_LOOP_ANALYSIS = YES;
				CLANG_WARN_STRICT_PROTOTYPES = YES;
				CLANG_WARN_SUSPICIOUS_MOVE = YES;
				CLANG_WARN_UNGUARDED_AVAILABILITY = YES_AGGRESSIVE;
				CLANG_WARN_UNREACHABLE_CODE = YES;
				CLANG_WARN__DUPLICATE_METHOD_MATCH = YES;
				COPY_PHASE_STRIP = NO;
				DEBUG_INFORMATION_FORMAT = dwarf;
				ENABLE_STRICT_OBJC_MSGSEND = YES;
				ENABLE_TESTABILITY = YES;
				GCC_C_LANGUAGE_STANDARD = gnu11;
				GCC_DYNAMIC_NO_PIC = NO;
				GCC_NO_COMMON_BLOCKS = YES;
				GCC_OPTIMIZATION_LEVEL = 0;
				GCC_PREPROCESSOR_DEFINITIONS = (
					"DEBUG=1",
					"$(inherited)",
				);
				GCC_WARN_64_TO_32_BIT_CONVERSION = YES;
				GCC_WARN_ABOUT_RETURN_TYPE = YES_ERROR;
				GCC_WARN_UNDECLARED_SELECTOR = YES;
				GCC_WARN_UNINITIALIZED_AUTOS = YES_AGGRESSIVE;
				GCC_WARN_UNUSED_FUNCTION = YES;
				GCC_WARN_UNUSED_VARIABLE = YES;
				IPHONEOS_DEPLOYMENT_TARGET = 15.2;
				MTL_ENABLE_DEBUG_INFO = INCLUDE_SOURCE;
				MTL_FAST_MATH = YES;
				ONLY_ACTIVE_ARCH = YES;
				SDKROOT = iphoneos;
				SWIFT_ACTIVE_COMPILATION_CONDITIONS = DEBUG;
				SWIFT_OPTIMIZATION_LEVEL = "-Onone";
			};
			name = Debug;
		};
		E8F2586227E72733009D0123 /* Release */ = {
			isa = XCBuildConfiguration;
			buildSettings = {
				ALWAYS_SEARCH_USER_PATHS = NO;
				CLANG_ANALYZER_NONNULL = YES;
				CLANG_ANALYZER_NUMBER_OBJECT_CONVERSION = YES_AGGRESSIVE;
				CLANG_CXX_LANGUAGE_STANDARD = "gnu++17";
				CLANG_CXX_LIBRARY = "libc++";
				CLANG_ENABLE_MODULES = YES;
				CLANG_ENABLE_OBJC_ARC = YES;
				CLANG_ENABLE_OBJC_WEAK = YES;
				CLANG_WARN_BLOCK_CAPTURE_AUTORELEASING = YES;
				CLANG_WARN_BOOL_CONVERSION = YES;
				CLANG_WARN_COMMA = YES;
				CLANG_WARN_CONSTANT_CONVERSION = YES;
				CLANG_WARN_DEPRECATED_OBJC_IMPLEMENTATIONS = YES;
				CLANG_WARN_DIRECT_OBJC_ISA_USAGE = YES_ERROR;
				CLANG_WARN_DOCUMENTATION_COMMENTS = YES;
				CLANG_WARN_EMPTY_BODY = YES;
				CLANG_WARN_ENUM_CONVERSION = YES;
				CLANG_WARN_INFINITE_RECURSION = YES;
				CLANG_WARN_INT_CONVERSION = YES;
				CLANG_WARN_NON_LITERAL_NULL_CONVERSION = YES;
				CLANG_WARN_OBJC_IMPLICIT_RETAIN_SELF = YES;
				CLANG_WARN_OBJC_LITERAL_CONVERSION = YES;
				CLANG_WARN_OBJC_ROOT_CLASS = YES_ERROR;
				CLANG_WARN_QUOTED_INCLUDE_IN_FRAMEWORK_HEADER = YES;
				CLANG_WARN_RANGE_LOOP_ANALYSIS = YES;
				CLANG_WARN_STRICT_PROTOTYPES = YES;
				CLANG_WARN_SUSPICIOUS_MOVE = YES;
				CLANG_WARN_UNGUARDED_AVAILABILITY = YES_AGGRESSIVE;
				CLANG_WARN_UNREACHABLE_CODE = YES;
				CLANG_WARN__DUPLICATE_METHOD_MATCH = YES;
				COPY_PHASE_STRIP = NO;
				DEBUG_INFORMATION_FORMAT = "dwarf-with-dsym";
				ENABLE_NS_ASSERTIONS = NO;
				ENABLE_STRICT_OBJC_MSGSEND = YES;
				GCC_C_LANGUAGE_STANDARD = gnu11;
				GCC_NO_COMMON_BLOCKS = YES;
				GCC_WARN_64_TO_32_BIT_CONVERSION = YES;
				GCC_WARN_ABOUT_RETURN_TYPE = YES_ERROR;
				GCC_WARN_UNDECLARED_SELECTOR = YES;
				GCC_WARN_UNINITIALIZED_AUTOS = YES_AGGRESSIVE;
				GCC_WARN_UNUSED_FUNCTION = YES;
				GCC_WARN_UNUSED_VARIABLE = YES;
				IPHONEOS_DEPLOYMENT_TARGET = 15.2;
				MTL_ENABLE_DEBUG_INFO = NO;
				MTL_FAST_MATH = YES;
				SDKROOT = iphoneos;
				SWIFT_COMPILATION_MODE = wholemodule;
				SWIFT_OPTIMIZATION_LEVEL = "-O";
				VALIDATE_PRODUCT = YES;
			};
			name = Release;
		};
		E8F2586427E72733009D0123 /* Debug */ = {
			isa = XCBuildConfiguration;
			buildSettings = {
				ASSETCATALOG_COMPILER_APPICON_NAME = AppIcon;
				ASSETCATALOG_COMPILER_GLOBAL_ACCENT_COLOR_NAME = AccentColor;
				CODE_SIGN_STYLE = Automatic;
				CURRENT_PROJECT_VERSION = 1;
				GENERATE_INFOPLIST_FILE = YES;
				INFOPLIST_FILE = Patterns_Swiftbook/Info.plist;
				INFOPLIST_KEY_UIApplicationSupportsIndirectInputEvents = YES;
				INFOPLIST_KEY_UILaunchStoryboardName = LaunchScreen;
				INFOPLIST_KEY_UIMainStoryboardFile = Main;
				INFOPLIST_KEY_UISupportedInterfaceOrientations_iPad = "UIInterfaceOrientationPortrait UIInterfaceOrientationPortraitUpsideDown UIInterfaceOrientationLandscapeLeft UIInterfaceOrientationLandscapeRight";
				INFOPLIST_KEY_UISupportedInterfaceOrientations_iPhone = "UIInterfaceOrientationPortrait UIInterfaceOrientationLandscapeLeft UIInterfaceOrientationLandscapeRight";
				LD_RUNPATH_SEARCH_PATHS = (
					"$(inherited)",
					"@executable_path/Frameworks",
				);
				MARKETING_VERSION = 1.0;
				PRODUCT_BUNDLE_IDENTIFIER = "com.MVP-App.Patterns-Swiftbook";
				PRODUCT_NAME = "$(TARGET_NAME)";
				SWIFT_EMIT_LOC_STRINGS = YES;
				SWIFT_VERSION = 5.0;
				TARGETED_DEVICE_FAMILY = "1,2";
			};
			name = Debug;
		};
		E8F2586527E72733009D0123 /* Release */ = {
			isa = XCBuildConfiguration;
			buildSettings = {
				ASSETCATALOG_COMPILER_APPICON_NAME = AppIcon;
				ASSETCATALOG_COMPILER_GLOBAL_ACCENT_COLOR_NAME = AccentColor;
				CODE_SIGN_STYLE = Automatic;
				CURRENT_PROJECT_VERSION = 1;
				GENERATE_INFOPLIST_FILE = YES;
				INFOPLIST_FILE = Patterns_Swiftbook/Info.plist;
				INFOPLIST_KEY_UIApplicationSupportsIndirectInputEvents = YES;
				INFOPLIST_KEY_UILaunchStoryboardName = LaunchScreen;
				INFOPLIST_KEY_UIMainStoryboardFile = Main;
				INFOPLIST_KEY_UISupportedInterfaceOrientations_iPad = "UIInterfaceOrientationPortrait UIInterfaceOrientationPortraitUpsideDown UIInterfaceOrientationLandscapeLeft UIInterfaceOrientationLandscapeRight";
				INFOPLIST_KEY_UISupportedInterfaceOrientations_iPhone = "UIInterfaceOrientationPortrait UIInterfaceOrientationLandscapeLeft UIInterfaceOrientationLandscapeRight";
				LD_RUNPATH_SEARCH_PATHS = (
					"$(inherited)",
					"@executable_path/Frameworks",
				);
				MARKETING_VERSION = 1.0;
				PRODUCT_BUNDLE_IDENTIFIER = "com.MVP-App.Patterns-Swiftbook";
				PRODUCT_NAME = "$(TARGET_NAME)";
				SWIFT_EMIT_LOC_STRINGS = YES;
				SWIFT_VERSION = 5.0;
				TARGETED_DEVICE_FAMILY = "1,2";
			};
			name = Release;
		};
/* End XCBuildConfiguration section */

/* Begin XCConfigurationList section */
		E8F2584A27E72732009D0123 /* Build configuration list for PBXProject "Patterns_Swiftbook" */ = {
			isa = XCConfigurationList;
			buildConfigurations = (
				E8F2586127E72733009D0123 /* Debug */,
				E8F2586227E72733009D0123 /* Release */,
			);
			defaultConfigurationIsVisible = 0;
			defaultConfigurationName = Release;
		};
		E8F2586327E72733009D0123 /* Build configuration list for PBXNativeTarget "Patterns_Swiftbook" */ = {
			isa = XCConfigurationList;
			buildConfigurations = (
				E8F2586427E72733009D0123 /* Debug */,
				E8F2586527E72733009D0123 /* Release */,
			);
			defaultConfigurationIsVisible = 0;
			defaultConfigurationName = Release;
		};
/* End XCConfigurationList section */
	};
	rootObject = E8F2584727E72732009D0123 /* Project object */;
}
